
Microsoft Visual Studio Solution File, Format Version 12.00
# Visual Studio Version 17
VisualStudioVersion = 17.1.32421.90
MinimumVisualStudioVersion = 10.0.40219.1
Project("{FAE04EC0-301F-11D3-BF4B-00C04F79EFBC}") = "WinFormsMiniProject", "WinFormsMiniProject\WinFormsMiniProject.csproj", "{A644E6ED-F7EA-4A94-974A-08579A43D3B5}"
EndProject
Project("{FAE04EC0-301F-11D3-BF4B-00C04F79EFBC}") = "DemoLibrary", "DemoLibrary\DemoLibrary.csproj", "{FDD1147D-8CCE-4F58-AE58-9EF264825584}"
EndProject
Global
	GlobalSection(SolutionConfigurationPlatforms) = preSolution
		Debug|Any CPU = Debug|Any CPU
		Release|Any CPU = Release|Any CPU
	EndGlobalSection
	GlobalSection(ProjectConfigurationPlatforms) = postSolution
		{A644E6ED-F7EA-4A94-974A-08579A43D3B5}.Debug|Any CPU.ActiveCfg = Debug|Any CPU
		{A644E6ED-F7EA-4A94-974A-08579A43D3B5}.Debug|Any CPU.Build.0 = Debug|Any CPU
		{A644E6ED-F7EA-4A94-974A-08579A43D3B5}.Release|Any CPU.ActiveCfg = Release|Any CPU
		{A644E6ED-F7EA-4A94-974A-08579A43D3B5}.Release|Any CPU.Build.0 = Release|Any CPU
		{FDD1147D-8CCE-4F58-AE58-9EF264825584}.Debug|Any CPU.ActiveCfg = Debug|Any CPU
		{FDD1147D-8CCE-4F58-AE58-9EF264825584}.Debug|Any CPU.Build.0 = Debug|Any CPU
		{FDD1147D-8CCE-4F58-AE58-9EF264825584}.Release|Any CPU.ActiveCfg = Release|Any CPU
		{FDD1147D-8CCE-4F58-AE58-9EF264825584}.Release|Any CPU.Build.0 = Release|Any CPU
	EndGlobalSection
	GlobalSection(SolutionProperties) = preSolution
		HideSolutionNode = FALSE
	EndGlobalSection
	GlobalSection(ExtensibilityGlobals) = postSolution
		SolutionGuid = {8A0418AD-3360-4FED-8612-92228D976896}
	EndGlobalSection
EndGlobal
